// !$*UTF8*$!
{
	archiveVersion = 1;
	classes = {
	};
	objectVersion = 55;
	objects = {

/* Begin PBXBuildFile section */
		4C29C24C270B7E46000D6059 /* AppDelegate.swift in Sources */ = {isa = PBXBuildFile; fileRef = 4C29C24B270B7E46000D6059 /* AppDelegate.swift */; };
		4C29C24E270B7E46000D6059 /* SceneDelegate.swift in Sources */ = {isa = PBXBuildFile; fileRef = 4C29C24D270B7E46000D6059 /* SceneDelegate.swift */; };
		4C29C250270B7E46000D6059 /* ViewController.swift in Sources */ = {isa = PBXBuildFile; fileRef = 4C29C24F270B7E46000D6059 /* ViewController.swift */; };
		4C29C253270B7E46000D6059 /* Main.storyboard in Resources */ = {isa = PBXBuildFile; fileRef = 4C29C251270B7E46000D6059 /* Main.storyboard */; };
		4C29C255270B7E48000D6059 /* Assets.xcassets in Resources */ = {isa = PBXBuildFile; fileRef = 4C29C254270B7E48000D6059 /* Assets.xcassets */; };
		4C29C258270B7E48000D6059 /* LaunchScreen.storyboard in Resources */ = {isa = PBXBuildFile; fileRef = 4C29C256270B7E48000D6059 /* LaunchScreen.storyboard */; };
		4C29C263270B7E48000D6059 /* StackOverflowAppTests.swift in Sources */ = {isa = PBXBuildFile; fileRef = 4C29C262270B7E48000D6059 /* StackOverflowAppTests.swift */; };
		4C29C26D270B7E48000D6059 /* StackOverflowAppUITests.swift in Sources */ = {isa = PBXBuildFile; fileRef = 4C29C26C270B7E48000D6059 /* StackOverflowAppUITests.swift */; };
		4C29C26F270B7E48000D6059 /* StackOverflowAppUITestsLaunchTests.swift in Sources */ = {isa = PBXBuildFile; fileRef = 4C29C26E270B7E48000D6059 /* StackOverflowAppUITestsLaunchTests.swift */; };
		4C696881270B8033000D1E27 /* WebServicesManager.swift in Sources */ = {isa = PBXBuildFile; fileRef = 4C696880270B8033000D1E27 /* WebServicesManager.swift */; };
		4C696887270BFE29000D1E27 /* Error+Extensions.swift in Sources */ = {isa = PBXBuildFile; fileRef = 4C696886270BFE29000D1E27 /* Error+Extensions.swift */; };
		4C696889270BFF97000D1E27 /* StackOverflowInteractor.swift in Sources */ = {isa = PBXBuildFile; fileRef = 4C696888270BFF97000D1E27 /* StackOverflowInteractor.swift */; };
		4C69688B270BFFBD000D1E27 /* StackOverflowBoundary.swift in Sources */ = {isa = PBXBuildFile; fileRef = 4C69688A270BFFBD000D1E27 /* StackOverflowBoundary.swift */; };
		4C69688F270C02C5000D1E27 /* StackOverflowResponseModel.swift in Sources */ = {isa = PBXBuildFile; fileRef = 4C69688E270C02C5000D1E27 /* StackOverflowResponseModel.swift */; };
		4C696892270C0810000D1E27 /* StackOverflowSearchViewModel.swift in Sources */ = {isa = PBXBuildFile; fileRef = 4C696891270C0810000D1E27 /* StackOverflowSearchViewModel.swift */; };
		4C696896270C1606000D1E27 /* Array+Extensions.swift in Sources */ = {isa = PBXBuildFile; fileRef = 4C696895270C1606000D1E27 /* Array+Extensions.swift */; };
		4C69689A270DEC57000D1E27 /* StackOverflowTableViewController.swift in Sources */ = {isa = PBXBuildFile; fileRef = 4C696899270DEC57000D1E27 /* StackOverflowTableViewController.swift */; };
		4C92D78C270DF0A500CBB675 /* UITableView+Extensions.swift in Sources */ = {isa = PBXBuildFile; fileRef = 4C92D78B270DF0A500CBB675 /* UITableView+Extensions.swift */; };
		4C92D78E270DF76700CBB675 /* String+Extensions.swift in Sources */ = {isa = PBXBuildFile; fileRef = 4C92D78D270DF76700CBB675 /* String+Extensions.swift */; };
		4C92D790270DFB7400CBB675 /* UIColor+Extensions.swift in Sources */ = {isa = PBXBuildFile; fileRef = 4C92D78F270DFB7400CBB675 /* UIColor+Extensions.swift */; };
		4C92D794270DFFBC00CBB675 /* StackOverflowDetailTableViewCell.swift in Sources */ = {isa = PBXBuildFile; fileRef = 4C92D792270DFFBC00CBB675 /* StackOverflowDetailTableViewCell.swift */; };
		4C92D795270DFFBC00CBB675 /* StackOverflowDetailTableViewCell.xib in Resources */ = {isa = PBXBuildFile; fileRef = 4C92D793270DFFBC00CBB675 /* StackOverflowDetailTableViewCell.xib */; };
		4C92D797270E036B00CBB675 /* UIFont+Extensions.swift in Sources */ = {isa = PBXBuildFile; fileRef = 4C92D796270E036B00CBB675 /* UIFont+Extensions.swift */; };
		4C92D79A270E10C500CBB675 /* StackOverflowTableViewScreen.storyboard in Resources */ = {isa = PBXBuildFile; fileRef = 4C92D799270E10C500CBB675 /* StackOverflowTableViewScreen.storyboard */; };
		4C92D79D2710180E00CBB675 /* StackOverFlowEmptyTableViewCell.swift in Sources */ = {isa = PBXBuildFile; fileRef = 4C92D79B2710180E00CBB675 /* StackOverFlowEmptyTableViewCell.swift */; };
		4C92D79E2710180E00CBB675 /* StackOverFlowEmptyTableViewCell.xib in Resources */ = {isa = PBXBuildFile; fileRef = 4C92D79C2710180E00CBB675 /* StackOverFlowEmptyTableViewCell.xib */; };
		4C92D7A32714848F00CBB675 /* StackOverflowLoadingView.swift in Sources */ = {isa = PBXBuildFile; fileRef = 4C92D7A22714848F00CBB675 /* StackOverflowLoadingView.swift */; };
		4C92D7A6271484D000CBB675 /* StackOverflowLoadingView.xib in Resources */ = {isa = PBXBuildFile; fileRef = 4C92D7A5271484D000CBB675 /* StackOverflowLoadingView.xib */; };
		4C92D7A9271486F000CBB675 /* NibLoadable.swift in Sources */ = {isa = PBXBuildFile; fileRef = 4C92D7A8271486F000CBB675 /* NibLoadable.swift */; };
		4C92D7AB27148C2300CBB675 /* UIView+Extensions.swift in Sources */ = {isa = PBXBuildFile; fileRef = 4C92D7AA27148C2300CBB675 /* UIView+Extensions.swift */; };
		4C95236E271A4C8D00EF5D23 /* UINavigationController+Extensions.swift in Sources */ = {isa = PBXBuildFile; fileRef = 4C95236D271A4C8D00EF5D23 /* UINavigationController+Extensions.swift */; };
		4C952371271B21C900EF5D23 /* MainNavigationController.storyboard in Resources */ = {isa = PBXBuildFile; fileRef = 4C952370271B21C900EF5D23 /* MainNavigationController.storyboard */; };
		4C952375271B8D3400EF5D23 /* StackOverflowDataModalable.swift in Sources */ = {isa = PBXBuildFile; fileRef = 4C952374271B8D3400EF5D23 /* StackOverflowDataModalable.swift */; };
		4C952377271B950200EF5D23 /* StackOverflowDataModelV1.swift in Sources */ = {isa = PBXBuildFile; fileRef = 4C952376271B950200EF5D23 /* StackOverflowDataModelV1.swift */; };
		4C95237A271B9DFF00EF5D23 /* StackOverflowDetailScreen.storyboard in Resources */ = {isa = PBXBuildFile; fileRef = 4C952379271B9DFF00EF5D23 /* StackOverflowDetailScreen.storyboard */; };
		4C95237C271B9E2000EF5D23 /* StackOverflowDetailViewController.swift in Sources */ = {isa = PBXBuildFile; fileRef = 4C95237B271B9E2000EF5D23 /* StackOverflowDetailViewController.swift */; };
		4C9A4DDF271A10E400D2E8A7 /* Interactor+Extensions.swift in Sources */ = {isa = PBXBuildFile; fileRef = 4C9A4DDE271A10E400D2E8A7 /* Interactor+Extensions.swift */; };
		4C9A4DE1271A1B6A00D2E8A7 /* StackOverflowCellViewModel.swift in Sources */ = {isa = PBXBuildFile; fileRef = 4C9A4DE0271A1B6A00D2E8A7 /* StackOverflowCellViewModel.swift */; };
		4CB7E3A1271C6F2F0052A129 /* StackOverflowProfileView.xib in Resources */ = {isa = PBXBuildFile; fileRef = 4CB7E3A0271C6F2F0052A129 /* StackOverflowProfileView.xib */; };
		4CB7E3A3271C70080052A129 /* StackOverflowProfileView.swift in Sources */ = {isa = PBXBuildFile; fileRef = 4CB7E3A2271C70080052A129 /* StackOverflowProfileView.swift */; };
		4CB7E3A7271C706E0052A129 /* BaseComponentView.swift in Sources */ = {isa = PBXBuildFile; fileRef = 4CB7E3A6271C706E0052A129 /* BaseComponentView.swift */; };
/* End PBXBuildFile section */

/* Begin PBXContainerItemProxy section */
		4C29C25F270B7E48000D6059 /* PBXContainerItemProxy */ = {
			isa = PBXContainerItemProxy;
			containerPortal = 4C29C240270B7E46000D6059 /* Project object */;
			proxyType = 1;
			remoteGlobalIDString = 4C29C247270B7E46000D6059;
			remoteInfo = StackOverflowApp;
		};
		4C29C269270B7E48000D6059 /* PBXContainerItemProxy */ = {
			isa = PBXContainerItemProxy;
			containerPortal = 4C29C240270B7E46000D6059 /* Project object */;
			proxyType = 1;
			remoteGlobalIDString = 4C29C247270B7E46000D6059;
			remoteInfo = StackOverflowApp;
		};
/* End PBXContainerItemProxy section */

/* Begin PBXFileReference section */
		4C29C248270B7E46000D6059 /* StackOverflowApp.app */ = {isa = PBXFileReference; explicitFileType = wrapper.application; includeInIndex = 0; path = StackOverflowApp.app; sourceTree = BUILT_PRODUCTS_DIR; };
		4C29C24B270B7E46000D6059 /* AppDelegate.swift */ = {isa = PBXFileReference; lastKnownFileType = sourcecode.swift; path = AppDelegate.swift; sourceTree = "<group>"; };
		4C29C24D270B7E46000D6059 /* SceneDelegate.swift */ = {isa = PBXFileReference; lastKnownFileType = sourcecode.swift; path = SceneDelegate.swift; sourceTree = "<group>"; };
		4C29C24F270B7E46000D6059 /* ViewController.swift */ = {isa = PBXFileReference; lastKnownFileType = sourcecode.swift; path = ViewController.swift; sourceTree = "<group>"; };
		4C29C252270B7E46000D6059 /* Base */ = {isa = PBXFileReference; lastKnownFileType = file.storyboard; name = Base; path = Base.lproj/Main.storyboard; sourceTree = "<group>"; };
		4C29C254270B7E48000D6059 /* Assets.xcassets */ = {isa = PBXFileReference; lastKnownFileType = folder.assetcatalog; path = Assets.xcassets; sourceTree = "<group>"; };
		4C29C257270B7E48000D6059 /* Base */ = {isa = PBXFileReference; lastKnownFileType = file.storyboard; name = Base; path = Base.lproj/LaunchScreen.storyboard; sourceTree = "<group>"; };
		4C29C259270B7E48000D6059 /* Info.plist */ = {isa = PBXFileReference; lastKnownFileType = text.plist.xml; path = Info.plist; sourceTree = "<group>"; };
		4C29C25E270B7E48000D6059 /* StackOverflowAppTests.xctest */ = {isa = PBXFileReference; explicitFileType = wrapper.cfbundle; includeInIndex = 0; path = StackOverflowAppTests.xctest; sourceTree = BUILT_PRODUCTS_DIR; };
		4C29C262270B7E48000D6059 /* StackOverflowAppTests.swift */ = {isa = PBXFileReference; lastKnownFileType = sourcecode.swift; path = StackOverflowAppTests.swift; sourceTree = "<group>"; };
		4C29C268270B7E48000D6059 /* StackOverflowAppUITests.xctest */ = {isa = PBXFileReference; explicitFileType = wrapper.cfbundle; includeInIndex = 0; path = StackOverflowAppUITests.xctest; sourceTree = BUILT_PRODUCTS_DIR; };
		4C29C26C270B7E48000D6059 /* StackOverflowAppUITests.swift */ = {isa = PBXFileReference; lastKnownFileType = sourcecode.swift; path = StackOverflowAppUITests.swift; sourceTree = "<group>"; };
		4C29C26E270B7E48000D6059 /* StackOverflowAppUITestsLaunchTests.swift */ = {isa = PBXFileReference; lastKnownFileType = sourcecode.swift; path = StackOverflowAppUITestsLaunchTests.swift; sourceTree = "<group>"; };
		4C696880270B8033000D1E27 /* WebServicesManager.swift */ = {isa = PBXFileReference; lastKnownFileType = sourcecode.swift; path = WebServicesManager.swift; sourceTree = "<group>"; };
		4C696886270BFE29000D1E27 /* Error+Extensions.swift */ = {isa = PBXFileReference; lastKnownFileType = sourcecode.swift; path = "Error+Extensions.swift"; sourceTree = "<group>"; };
		4C696888270BFF97000D1E27 /* StackOverflowInteractor.swift */ = {isa = PBXFileReference; lastKnownFileType = sourcecode.swift; path = StackOverflowInteractor.swift; sourceTree = "<group>"; };
		4C69688A270BFFBD000D1E27 /* StackOverflowBoundary.swift */ = {isa = PBXFileReference; lastKnownFileType = sourcecode.swift; path = StackOverflowBoundary.swift; sourceTree = "<group>"; };
		4C69688E270C02C5000D1E27 /* StackOverflowResponseModel.swift */ = {isa = PBXFileReference; lastKnownFileType = sourcecode.swift; path = StackOverflowResponseModel.swift; sourceTree = "<group>"; };
		4C696891270C0810000D1E27 /* StackOverflowSearchViewModel.swift */ = {isa = PBXFileReference; lastKnownFileType = sourcecode.swift; path = StackOverflowSearchViewModel.swift; sourceTree = "<group>"; };
		4C696895270C1606000D1E27 /* Array+Extensions.swift */ = {isa = PBXFileReference; lastKnownFileType = sourcecode.swift; path = "Array+Extensions.swift"; sourceTree = "<group>"; };
		4C696899270DEC57000D1E27 /* StackOverflowTableViewController.swift */ = {isa = PBXFileReference; lastKnownFileType = sourcecode.swift; path = StackOverflowTableViewController.swift; sourceTree = "<group>"; };
		4C92D78B270DF0A500CBB675 /* UITableView+Extensions.swift */ = {isa = PBXFileReference; lastKnownFileType = sourcecode.swift; path = "UITableView+Extensions.swift"; sourceTree = "<group>"; };
		4C92D78D270DF76700CBB675 /* String+Extensions.swift */ = {isa = PBXFileReference; lastKnownFileType = sourcecode.swift; path = "String+Extensions.swift"; sourceTree = "<group>"; };
		4C92D78F270DFB7400CBB675 /* UIColor+Extensions.swift */ = {isa = PBXFileReference; lastKnownFileType = sourcecode.swift; path = "UIColor+Extensions.swift"; sourceTree = "<group>"; };
		4C92D792270DFFBC00CBB675 /* StackOverflowDetailTableViewCell.swift */ = {isa = PBXFileReference; lastKnownFileType = sourcecode.swift; path = StackOverflowDetailTableViewCell.swift; sourceTree = "<group>"; };
		4C92D793270DFFBC00CBB675 /* StackOverflowDetailTableViewCell.xib */ = {isa = PBXFileReference; lastKnownFileType = file.xib; path = StackOverflowDetailTableViewCell.xib; sourceTree = "<group>"; };
		4C92D796270E036B00CBB675 /* UIFont+Extensions.swift */ = {isa = PBXFileReference; lastKnownFileType = sourcecode.swift; path = "UIFont+Extensions.swift"; sourceTree = "<group>"; };
		4C92D799270E10C500CBB675 /* StackOverflowTableViewScreen.storyboard */ = {isa = PBXFileReference; lastKnownFileType = file.storyboard; path = StackOverflowTableViewScreen.storyboard; sourceTree = "<group>"; };
		4C92D79B2710180E00CBB675 /* StackOverFlowEmptyTableViewCell.swift */ = {isa = PBXFileReference; lastKnownFileType = sourcecode.swift; path = StackOverFlowEmptyTableViewCell.swift; sourceTree = "<group>"; };
		4C92D79C2710180E00CBB675 /* StackOverFlowEmptyTableViewCell.xib */ = {isa = PBXFileReference; lastKnownFileType = file.xib; path = StackOverFlowEmptyTableViewCell.xib; sourceTree = "<group>"; };
		4C92D7A22714848F00CBB675 /* StackOverflowLoadingView.swift */ = {isa = PBXFileReference; lastKnownFileType = sourcecode.swift; path = StackOverflowLoadingView.swift; sourceTree = "<group>"; };
		4C92D7A5271484D000CBB675 /* StackOverflowLoadingView.xib */ = {isa = PBXFileReference; lastKnownFileType = file.xib; path = StackOverflowLoadingView.xib; sourceTree = "<group>"; };
		4C92D7A8271486F000CBB675 /* NibLoadable.swift */ = {isa = PBXFileReference; lastKnownFileType = sourcecode.swift; path = NibLoadable.swift; sourceTree = "<group>"; };
		4C92D7AA27148C2300CBB675 /* UIView+Extensions.swift */ = {isa = PBXFileReference; lastKnownFileType = sourcecode.swift; path = "UIView+Extensions.swift"; sourceTree = "<group>"; };
		4C95236D271A4C8D00EF5D23 /* UINavigationController+Extensions.swift */ = {isa = PBXFileReference; lastKnownFileType = sourcecode.swift; path = "UINavigationController+Extensions.swift"; sourceTree = "<group>"; };
		4C952370271B21C900EF5D23 /* MainNavigationController.storyboard */ = {isa = PBXFileReference; lastKnownFileType = file.storyboard; path = MainNavigationController.storyboard; sourceTree = "<group>"; };
		4C952374271B8D3400EF5D23 /* StackOverflowDataModalable.swift */ = {isa = PBXFileReference; lastKnownFileType = sourcecode.swift; path = StackOverflowDataModalable.swift; sourceTree = "<group>"; };
		4C952376271B950200EF5D23 /* StackOverflowDataModelV1.swift */ = {isa = PBXFileReference; lastKnownFileType = sourcecode.swift; path = StackOverflowDataModelV1.swift; sourceTree = "<group>"; };
		4C952379271B9DFF00EF5D23 /* StackOverflowDetailScreen.storyboard */ = {isa = PBXFileReference; lastKnownFileType = file.storyboard; path = StackOverflowDetailScreen.storyboard; sourceTree = "<group>"; };
		4C95237B271B9E2000EF5D23 /* StackOverflowDetailViewController.swift */ = {isa = PBXFileReference; lastKnownFileType = sourcecode.swift; path = StackOverflowDetailViewController.swift; sourceTree = "<group>"; };
		4C9A4DDE271A10E400D2E8A7 /* Interactor+Extensions.swift */ = {isa = PBXFileReference; lastKnownFileType = sourcecode.swift; path = "Interactor+Extensions.swift"; sourceTree = "<group>"; };
		4C9A4DE0271A1B6A00D2E8A7 /* StackOverflowCellViewModel.swift */ = {isa = PBXFileReference; lastKnownFileType = sourcecode.swift; path = StackOverflowCellViewModel.swift; sourceTree = "<group>"; };
		4CB7E3A0271C6F2F0052A129 /* StackOverflowProfileView.xib */ = {isa = PBXFileReference; lastKnownFileType = file.xib; path = StackOverflowProfileView.xib; sourceTree = "<group>"; };
		4CB7E3A2271C70080052A129 /* StackOverflowProfileView.swift */ = {isa = PBXFileReference; lastKnownFileType = sourcecode.swift; path = StackOverflowProfileView.swift; sourceTree = "<group>"; };
		4CB7E3A6271C706E0052A129 /* BaseComponentView.swift */ = {isa = PBXFileReference; lastKnownFileType = sourcecode.swift; path = BaseComponentView.swift; sourceTree = "<group>"; };
/* End PBXFileReference section */

/* Begin PBXFrameworksBuildPhase section */
		4C29C245270B7E46000D6059 /* Frameworks */ = {
			isa = PBXFrameworksBuildPhase;
			buildActionMask = 2147483647;
			files = (
			);
			runOnlyForDeploymentPostprocessing = 0;
		};
		4C29C25B270B7E48000D6059 /* Frameworks */ = {
			isa = PBXFrameworksBuildPhase;
			buildActionMask = 2147483647;
			files = (
			);
			runOnlyForDeploymentPostprocessing = 0;
		};
		4C29C265270B7E48000D6059 /* Frameworks */ = {
			isa = PBXFrameworksBuildPhase;
			buildActionMask = 2147483647;
			files = (
			);
			runOnlyForDeploymentPostprocessing = 0;
		};
/* End PBXFrameworksBuildPhase section */

/* Begin PBXGroup section */
		4C29C23F270B7E46000D6059 = {
			isa = PBXGroup;
			children = (
				4C29C24A270B7E46000D6059 /* StackOverflowApp */,
				4C29C261270B7E48000D6059 /* StackOverflowAppTests */,
				4C29C26B270B7E48000D6059 /* StackOverflowAppUITests */,
				4C29C249270B7E46000D6059 /* Products */,
			);
			sourceTree = "<group>";
		};
		4C29C249270B7E46000D6059 /* Products */ = {
			isa = PBXGroup;
			children = (
				4C29C248270B7E46000D6059 /* StackOverflowApp.app */,
				4C29C25E270B7E48000D6059 /* StackOverflowAppTests.xctest */,
				4C29C268270B7E48000D6059 /* StackOverflowAppUITests.xctest */,
			);
			name = Products;
			sourceTree = "<group>";
		};
		4C29C24A270B7E46000D6059 /* StackOverflowApp */ = {
			isa = PBXGroup;
			children = (
				4C92D7A12714841B00CBB675 /* Shared Views */,
				4C69687F270B7FD0000D1E27 /* Web Services Manager */,
				4C69687E270B7F74000D1E27 /* Interactor */,
				4C92D7A7271486CD00CBB675 /* General Extensions */,
				4C696885270BFE18000D1E27 /* Cocoa Extensions */,
				4C69687D270B7F5F000D1E27 /* Screens */,
				4C29C24B270B7E46000D6059 /* AppDelegate.swift */,
				4C29C24D270B7E46000D6059 /* SceneDelegate.swift */,
				4C29C24F270B7E46000D6059 /* ViewController.swift */,
				4C29C251270B7E46000D6059 /* Main.storyboard */,
				4C29C254270B7E48000D6059 /* Assets.xcassets */,
				4C29C256270B7E48000D6059 /* LaunchScreen.storyboard */,
				4C29C259270B7E48000D6059 /* Info.plist */,
			);
			path = StackOverflowApp;
			sourceTree = "<group>";
		};
		4C29C261270B7E48000D6059 /* StackOverflowAppTests */ = {
			isa = PBXGroup;
			children = (
				4C29C262270B7E48000D6059 /* StackOverflowAppTests.swift */,
			);
			path = StackOverflowAppTests;
			sourceTree = "<group>";
		};
		4C29C26B270B7E48000D6059 /* StackOverflowAppUITests */ = {
			isa = PBXGroup;
			children = (
				4C29C26C270B7E48000D6059 /* StackOverflowAppUITests.swift */,
				4C29C26E270B7E48000D6059 /* StackOverflowAppUITestsLaunchTests.swift */,
			);
			path = StackOverflowAppUITests;
			sourceTree = "<group>";
		};
		4C69687D270B7F5F000D1E27 /* Screens */ = {
			isa = PBXGroup;
			children = (
				4C952372271B8C8800EF5D23 /* Search Screen */,
				4C952373271B8CB900EF5D23 /* Detailed Screen */,
			);
			path = Screens;
			sourceTree = "<group>";
		};
		4C69687E270B7F74000D1E27 /* Interactor */ = {
			isa = PBXGroup;
			children = (
				4C696888270BFF97000D1E27 /* StackOverflowInteractor.swift */,
				4C69688A270BFFBD000D1E27 /* StackOverflowBoundary.swift */,
			);
			path = Interactor;
			sourceTree = "<group>";
		};
		4C69687F270B7FD0000D1E27 /* Web Services Manager */ = {
			isa = PBXGroup;
			children = (
				4C696880270B8033000D1E27 /* WebServicesManager.swift */,
			);
			path = "Web Services Manager";
			sourceTree = "<group>";
		};
		4C696885270BFE18000D1E27 /* Cocoa Extensions */ = {
			isa = PBXGroup;
			children = (
				4C696886270BFE29000D1E27 /* Error+Extensions.swift */,
				4C696895270C1606000D1E27 /* Array+Extensions.swift */,
				4C92D78B270DF0A500CBB675 /* UITableView+Extensions.swift */,
				4C92D78D270DF76700CBB675 /* String+Extensions.swift */,
				4C92D78F270DFB7400CBB675 /* UIColor+Extensions.swift */,
				4C92D796270E036B00CBB675 /* UIFont+Extensions.swift */,
				4C92D7AA27148C2300CBB675 /* UIView+Extensions.swift */,
				4C95236D271A4C8D00EF5D23 /* UINavigationController+Extensions.swift */,
			);
			path = "Cocoa Extensions";
			sourceTree = "<group>";
		};
		4C69688C270C0239000D1E27 /* View Model */ = {
			isa = PBXGroup;
			children = (
				4C696891270C0810000D1E27 /* StackOverflowSearchViewModel.swift */,
				4C9A4DE0271A1B6A00D2E8A7 /* StackOverflowCellViewModel.swift */,
			);
			path = "View Model";
			sourceTree = "<group>";
		};
		4C69688D270C02A4000D1E27 /* Response + Data Model */ = {
			isa = PBXGroup;
			children = (
				4C69688E270C02C5000D1E27 /* StackOverflowResponseModel.swift */,
				4C952374271B8D3400EF5D23 /* StackOverflowDataModalable.swift */,
				4C952376271B950200EF5D23 /* StackOverflowDataModelV1.swift */,
			);
			path = "Response + Data Model";
			sourceTree = "<group>";
		};
		4C696890270C0701000D1E27 /* View Controller */ = {
			isa = PBXGroup;
			children = (
				4C92D791270DFF6A00CBB675 /* Table View Cell */,
				4C696899270DEC57000D1E27 /* StackOverflowTableViewController.swift */,
				4C92D799270E10C500CBB675 /* StackOverflowTableViewScreen.storyboard */,
				4C952370271B21C900EF5D23 /* MainNavigationController.storyboard */,
			);
			path = "View Controller";
			sourceTree = "<group>";
		};
		4C92D791270DFF6A00CBB675 /* Table View Cell */ = {
			isa = PBXGroup;
			children = (
				4C92D7A02710183300CBB675 /* Detail */,
				4C92D79F2710181900CBB675 /* Empty State */,
			);
			path = "Table View Cell";
			sourceTree = "<group>";
		};
		4C92D79F2710181900CBB675 /* Empty State */ = {
			isa = PBXGroup;
			children = (
				4C92D79B2710180E00CBB675 /* StackOverFlowEmptyTableViewCell.swift */,
				4C92D79C2710180E00CBB675 /* StackOverFlowEmptyTableViewCell.xib */,
			);
			path = "Empty State";
			sourceTree = "<group>";
		};
		4C92D7A02710183300CBB675 /* Detail */ = {
			isa = PBXGroup;
			children = (
				4C92D792270DFFBC00CBB675 /* StackOverflowDetailTableViewCell.swift */,
				4C92D793270DFFBC00CBB675 /* StackOverflowDetailTableViewCell.xib */,
			);
			path = Detail;
			sourceTree = "<group>";
		};
		4C92D7A12714841B00CBB675 /* Shared Views */ = {
			isa = PBXGroup;
			children = (
				4CB7E3A4271C702E0052A129 /* Component Views */,
				4CB7E39F271C6EF20052A129 /* Loading View */,
				4CB7E39E271C6EE20052A129 /* Profile View */,
			);
			path = "Shared Views";
			sourceTree = "<group>";
		};
		4C92D7A7271486CD00CBB675 /* General Extensions */ = {
			isa = PBXGroup;
			children = (
				4C92D7A8271486F000CBB675 /* NibLoadable.swift */,
				4C9A4DDE271A10E400D2E8A7 /* Interactor+Extensions.swift */,
			);
			path = "General Extensions";
			sourceTree = "<group>";
		};
		4C952372271B8C8800EF5D23 /* Search Screen */ = {
			isa = PBXGroup;
			children = (
				4C696890270C0701000D1E27 /* View Controller */,
				4C69688C270C0239000D1E27 /* View Model */,
				4C69688D270C02A4000D1E27 /* Response + Data Model */,
			);
			path = "Search Screen";
			sourceTree = "<group>";
		};
		4C952373271B8CB900EF5D23 /* Detailed Screen */ = {
			isa = PBXGroup;
			children = (
				4C952378271B9DDA00EF5D23 /* View Controller */,
			);
			path = "Detailed Screen";
			sourceTree = "<group>";
		};
		4C952378271B9DDA00EF5D23 /* View Controller */ = {
			isa = PBXGroup;
			children = (
				4C952379271B9DFF00EF5D23 /* StackOverflowDetailScreen.storyboard */,
				4C95237B271B9E2000EF5D23 /* StackOverflowDetailViewController.swift */,
			);
			path = "View Controller";
			sourceTree = "<group>";
		};
		4CB7E39E271C6EE20052A129 /* Profile View */ = {
			isa = PBXGroup;
			children = (
				4CB7E3A0271C6F2F0052A129 /* StackOverflowProfileView.xib */,
				4CB7E3A2271C70080052A129 /* StackOverflowProfileView.swift */,
			);
			path = "Profile View";
			sourceTree = "<group>";
		};
		4CB7E39F271C6EF20052A129 /* Loading View */ = {
			isa = PBXGroup;
			children = (
				4C92D7A22714848F00CBB675 /* StackOverflowLoadingView.swift */,
				4C92D7A5271484D000CBB675 /* StackOverflowLoadingView.xib */,
			);
			path = "Loading View";
			sourceTree = "<group>";
		};
		4CB7E3A4271C702E0052A129 /* Component Views */ = {
			isa = PBXGroup;
			children = (
				4CB7E3A5271C704E0052A129 /* Base View */,
			);
			path = "Component Views";
			sourceTree = "<group>";
		};
		4CB7E3A5271C704E0052A129 /* Base View */ = {
			isa = PBXGroup;
			children = (
				4CB7E3A6271C706E0052A129 /* BaseComponentView.swift */,
			);
			path = "Base View";
			sourceTree = "<group>";
		};
/* End PBXGroup section */

/* Begin PBXNativeTarget section */
		4C29C247270B7E46000D6059 /* StackOverflowApp */ = {
			isa = PBXNativeTarget;
			buildConfigurationList = 4C29C272270B7E48000D6059 /* Build configuration list for PBXNativeTarget "StackOverflowApp" */;
			buildPhases = (
				4C29C244270B7E46000D6059 /* Sources */,
				4C29C245270B7E46000D6059 /* Frameworks */,
				4C29C246270B7E46000D6059 /* Resources */,
			);
			buildRules = (
			);
			dependencies = (
			);
			name = StackOverflowApp;
			productName = StackOverflowApp;
			productReference = 4C29C248270B7E46000D6059 /* StackOverflowApp.app */;
			productType = "com.apple.product-type.application";
		};
		4C29C25D270B7E48000D6059 /* StackOverflowAppTests */ = {
			isa = PBXNativeTarget;
			buildConfigurationList = 4C29C275270B7E48000D6059 /* Build configuration list for PBXNativeTarget "StackOverflowAppTests" */;
			buildPhases = (
				4C29C25A270B7E48000D6059 /* Sources */,
				4C29C25B270B7E48000D6059 /* Frameworks */,
				4C29C25C270B7E48000D6059 /* Resources */,
			);
			buildRules = (
			);
			dependencies = (
				4C29C260270B7E48000D6059 /* PBXTargetDependency */,
			);
			name = StackOverflowAppTests;
			productName = StackOverflowAppTests;
			productReference = 4C29C25E270B7E48000D6059 /* StackOverflowAppTests.xctest */;
			productType = "com.apple.product-type.bundle.unit-test";
		};
		4C29C267270B7E48000D6059 /* StackOverflowAppUITests */ = {
			isa = PBXNativeTarget;
			buildConfigurationList = 4C29C278270B7E48000D6059 /* Build configuration list for PBXNativeTarget "StackOverflowAppUITests" */;
			buildPhases = (
				4C29C264270B7E48000D6059 /* Sources */,
				4C29C265270B7E48000D6059 /* Frameworks */,
				4C29C266270B7E48000D6059 /* Resources */,
			);
			buildRules = (
			);
			dependencies = (
				4C29C26A270B7E48000D6059 /* PBXTargetDependency */,
			);
			name = StackOverflowAppUITests;
			productName = StackOverflowAppUITests;
			productReference = 4C29C268270B7E48000D6059 /* StackOverflowAppUITests.xctest */;
			productType = "com.apple.product-type.bundle.ui-testing";
		};
/* End PBXNativeTarget section */

/* Begin PBXProject section */
		4C29C240270B7E46000D6059 /* Project object */ = {
			isa = PBXProject;
			attributes = {
				BuildIndependentTargetsInParallel = 1;
				LastSwiftUpdateCheck = 1300;
				LastUpgradeCheck = 1300;
				TargetAttributes = {
					4C29C247270B7E46000D6059 = {
						CreatedOnToolsVersion = 13.0;
					};
					4C29C25D270B7E48000D6059 = {
						CreatedOnToolsVersion = 13.0;
						TestTargetID = 4C29C247270B7E46000D6059;
					};
					4C29C267270B7E48000D6059 = {
						CreatedOnToolsVersion = 13.0;
						TestTargetID = 4C29C247270B7E46000D6059;
					};
				};
			};
			buildConfigurationList = 4C29C243270B7E46000D6059 /* Build configuration list for PBXProject "StackOverflowApp" */;
			compatibilityVersion = "Xcode 13.0";
			developmentRegion = en;
			hasScannedForEncodings = 0;
			knownRegions = (
				en,
				Base,
			);
			mainGroup = 4C29C23F270B7E46000D6059;
			productRefGroup = 4C29C249270B7E46000D6059 /* Products */;
			projectDirPath = "";
			projectRoot = "";
			targets = (
				4C29C247270B7E46000D6059 /* StackOverflowApp */,
				4C29C25D270B7E48000D6059 /* StackOverflowAppTests */,
				4C29C267270B7E48000D6059 /* StackOverflowAppUITests */,
			);
		};
/* End PBXProject section */

/* Begin PBXResourcesBuildPhase section */
		4C29C246270B7E46000D6059 /* Resources */ = {
			isa = PBXResourcesBuildPhase;
			buildActionMask = 2147483647;
			files = (
				4C92D79A270E10C500CBB675 /* StackOverflowTableViewScreen.storyboard in Resources */,
				4C29C258270B7E48000D6059 /* LaunchScreen.storyboard in Resources */,
				4C95237A271B9DFF00EF5D23 /* StackOverflowDetailScreen.storyboard in Resources */,
				4C92D79E2710180E00CBB675 /* StackOverFlowEmptyTableViewCell.xib in Resources */,
				4C952371271B21C900EF5D23 /* MainNavigationController.storyboard in Resources */,
				4C92D795270DFFBC00CBB675 /* StackOverflowDetailTableViewCell.xib in Resources */,
				4C92D7A6271484D000CBB675 /* StackOverflowLoadingView.xib in Resources */,
				4CB7E3A1271C6F2F0052A129 /* StackOverflowProfileView.xib in Resources */,
				4C29C255270B7E48000D6059 /* Assets.xcassets in Resources */,
				4C29C253270B7E46000D6059 /* Main.storyboard in Resources */,
			);
			runOnlyForDeploymentPostprocessing = 0;
		};
		4C29C25C270B7E48000D6059 /* Resources */ = {
			isa = PBXResourcesBuildPhase;
			buildActionMask = 2147483647;
			files = (
			);
			runOnlyForDeploymentPostprocessing = 0;
		};
		4C29C266270B7E48000D6059 /* Resources */ = {
			isa = PBXResourcesBuildPhase;
			buildActionMask = 2147483647;
			files = (
			);
			runOnlyForDeploymentPostprocessing = 0;
		};
/* End PBXResourcesBuildPhase section */

/* Begin PBXSourcesBuildPhase section */
		4C29C244270B7E46000D6059 /* Sources */ = {
			isa = PBXSourcesBuildPhase;
			buildActionMask = 2147483647;
			files = (
				4C952375271B8D3400EF5D23 /* StackOverflowDataModalable.swift in Sources */,
				4C696887270BFE29000D1E27 /* Error+Extensions.swift in Sources */,
				4C952377271B950200EF5D23 /* StackOverflowDataModelV1.swift in Sources */,
				4C92D78E270DF76700CBB675 /* String+Extensions.swift in Sources */,
				4C92D7AB27148C2300CBB675 /* UIView+Extensions.swift in Sources */,
				4C92D7A32714848F00CBB675 /* StackOverflowLoadingView.swift in Sources */,
				4C9A4DE1271A1B6A00D2E8A7 /* StackOverflowCellViewModel.swift in Sources */,
				4CB7E3A3271C70080052A129 /* StackOverflowProfileView.swift in Sources */,
				4C92D797270E036B00CBB675 /* UIFont+Extensions.swift in Sources */,
				4C696896270C1606000D1E27 /* Array+Extensions.swift in Sources */,
				4C696881270B8033000D1E27 /* WebServicesManager.swift in Sources */,
				4CB7E3A7271C706E0052A129 /* BaseComponentView.swift in Sources */,
				4C9A4DDF271A10E400D2E8A7 /* Interactor+Extensions.swift in Sources */,
				4C92D78C270DF0A500CBB675 /* UITableView+Extensions.swift in Sources */,
				4C69688F270C02C5000D1E27 /* StackOverflowResponseModel.swift in Sources */,
				4C92D7A9271486F000CBB675 /* NibLoadable.swift in Sources */,
				4C92D79D2710180E00CBB675 /* StackOverFlowEmptyTableViewCell.swift in Sources */,
				4C29C250270B7E46000D6059 /* ViewController.swift in Sources */,
				4C95237C271B9E2000EF5D23 /* StackOverflowDetailViewController.swift in Sources */,
				4C69688B270BFFBD000D1E27 /* StackOverflowBoundary.swift in Sources */,
				4C69689A270DEC57000D1E27 /* StackOverflowTableViewController.swift in Sources */,
				4C95236E271A4C8D00EF5D23 /* UINavigationController+Extensions.swift in Sources */,
				4C696892270C0810000D1E27 /* StackOverflowSearchViewModel.swift in Sources */,
				4C29C24C270B7E46000D6059 /* AppDelegate.swift in Sources */,
				4C92D790270DFB7400CBB675 /* UIColor+Extensions.swift in Sources */,
				4C29C24E270B7E46000D6059 /* SceneDelegate.swift in Sources */,
				4C92D794270DFFBC00CBB675 /* StackOverflowDetailTableViewCell.swift in Sources */,
				4C696889270BFF97000D1E27 /* StackOverflowInteractor.swift in Sources */,
			);
			runOnlyForDeploymentPostprocessing = 0;
		};
		4C29C25A270B7E48000D6059 /* Sources */ = {
			isa = PBXSourcesBuildPhase;
			buildActionMask = 2147483647;
			files = (
				4C29C263270B7E48000D6059 /* StackOverflowAppTests.swift in Sources */,
			);
			runOnlyForDeploymentPostprocessing = 0;
		};
		4C29C264270B7E48000D6059 /* Sources */ = {
			isa = PBXSourcesBuildPhase;
			buildActionMask = 2147483647;
			files = (
				4C29C26D270B7E48000D6059 /* StackOverflowAppUITests.swift in Sources */,
				4C29C26F270B7E48000D6059 /* StackOverflowAppUITestsLaunchTests.swift in Sources */,
			);
			runOnlyForDeploymentPostprocessing = 0;
		};
/* End PBXSourcesBuildPhase section */

/* Begin PBXTargetDependency section */
		4C29C260270B7E48000D6059 /* PBXTargetDependency */ = {
			isa = PBXTargetDependency;
			target = 4C29C247270B7E46000D6059 /* StackOverflowApp */;
			targetProxy = 4C29C25F270B7E48000D6059 /* PBXContainerItemProxy */;
		};
		4C29C26A270B7E48000D6059 /* PBXTargetDependency */ = {
			isa = PBXTargetDependency;
			target = 4C29C247270B7E46000D6059 /* StackOverflowApp */;
			targetProxy = 4C29C269270B7E48000D6059 /* PBXContainerItemProxy */;
		};
/* End PBXTargetDependency section */

/* Begin PBXVariantGroup section */
		4C29C251270B7E46000D6059 /* Main.storyboard */ = {
			isa = PBXVariantGroup;
			children = (
				4C29C252270B7E46000D6059 /* Base */,
			);
			name = Main.storyboard;
			sourceTree = "<group>";
		};
		4C29C256270B7E48000D6059 /* LaunchScreen.storyboard */ = {
			isa = PBXVariantGroup;
			children = (
				4C29C257270B7E48000D6059 /* Base */,
			);
			name = LaunchScreen.storyboard;
			sourceTree = "<group>";
		};
/* End PBXVariantGroup section */

/* Begin XCBuildConfiguration section */
		4C29C270270B7E48000D6059 /* Debug */ = {
			isa = XCBuildConfiguration;
			buildSettings = {
				ALWAYS_SEARCH_USER_PATHS = NO;
				CLANG_ANALYZER_NONNULL = YES;
				CLANG_ANALYZER_NUMBER_OBJECT_CONVERSION = YES_AGGRESSIVE;
				CLANG_CXX_LANGUAGE_STANDARD = "gnu++17";
				CLANG_CXX_LIBRARY = "libc++";
				CLANG_ENABLE_MODULES = YES;
				CLANG_ENABLE_OBJC_ARC = YES;
				CLANG_ENABLE_OBJC_WEAK = YES;
				CLANG_WARN_BLOCK_CAPTURE_AUTORELEASING = YES;
				CLANG_WARN_BOOL_CONVERSION = YES;
				CLANG_WARN_COMMA = YES;
				CLANG_WARN_CONSTANT_CONVERSION = YES;
				CLANG_WARN_DEPRECATED_OBJC_IMPLEMENTATIONS = YES;
				CLANG_WARN_DIRECT_OBJC_ISA_USAGE = YES_ERROR;
				CLANG_WARN_DOCUMENTATION_COMMENTS = YES;
				CLANG_WARN_EMPTY_BODY = YES;
				CLANG_WARN_ENUM_CONVERSION = YES;
				CLANG_WARN_INFINITE_RECURSION = YES;
				CLANG_WARN_INT_CONVERSION = YES;
				CLANG_WARN_NON_LITERAL_NULL_CONVERSION = YES;
				CLANG_WARN_OBJC_IMPLICIT_RETAIN_SELF = YES;
				CLANG_WARN_OBJC_LITERAL_CONVERSION = YES;
				CLANG_WARN_OBJC_ROOT_CLASS = YES_ERROR;
				CLANG_WARN_QUOTED_INCLUDE_IN_FRAMEWORK_HEADER = YES;
				CLANG_WARN_RANGE_LOOP_ANALYSIS = YES;
				CLANG_WARN_STRICT_PROTOTYPES = YES;
				CLANG_WARN_SUSPICIOUS_MOVE = YES;
				CLANG_WARN_UNGUARDED_AVAILABILITY = YES_AGGRESSIVE;
				CLANG_WARN_UNREACHABLE_CODE = YES;
				CLANG_WARN__DUPLICATE_METHOD_MATCH = YES;
				COPY_PHASE_STRIP = NO;
				DEBUG_INFORMATION_FORMAT = dwarf;
				ENABLE_STRICT_OBJC_MSGSEND = YES;
				ENABLE_TESTABILITY = YES;
				GCC_C_LANGUAGE_STANDARD = gnu11;
				GCC_DYNAMIC_NO_PIC = NO;
				GCC_NO_COMMON_BLOCKS = YES;
				GCC_OPTIMIZATION_LEVEL = 0;
				GCC_PREPROCESSOR_DEFINITIONS = (
					"DEBUG=1",
					"$(inherited)",
				);
				GCC_WARN_64_TO_32_BIT_CONVERSION = YES;
				GCC_WARN_ABOUT_RETURN_TYPE = YES_ERROR;
				GCC_WARN_UNDECLARED_SELECTOR = YES;
				GCC_WARN_UNINITIALIZED_AUTOS = YES_AGGRESSIVE;
				GCC_WARN_UNUSED_FUNCTION = YES;
				GCC_WARN_UNUSED_VARIABLE = YES;
				IPHONEOS_DEPLOYMENT_TARGET = 15.0;
				MTL_ENABLE_DEBUG_INFO = INCLUDE_SOURCE;
				MTL_FAST_MATH = YES;
				ONLY_ACTIVE_ARCH = YES;
				SDKROOT = iphoneos;
				SWIFT_ACTIVE_COMPILATION_CONDITIONS = DEBUG;
				SWIFT_OPTIMIZATION_LEVEL = "-Onone";
			};
			name = Debug;
		};
		4C29C271270B7E48000D6059 /* Release */ = {
			isa = XCBuildConfiguration;
			buildSettings = {
				ALWAYS_SEARCH_USER_PATHS = NO;
				CLANG_ANALYZER_NONNULL = YES;
				CLANG_ANALYZER_NUMBER_OBJECT_CONVERSION = YES_AGGRESSIVE;
				CLANG_CXX_LANGUAGE_STANDARD = "gnu++17";
				CLANG_CXX_LIBRARY = "libc++";
				CLANG_ENABLE_MODULES = YES;
				CLANG_ENABLE_OBJC_ARC = YES;
				CLANG_ENABLE_OBJC_WEAK = YES;
				CLANG_WARN_BLOCK_CAPTURE_AUTORELEASING = YES;
				CLANG_WARN_BOOL_CONVERSION = YES;
				CLANG_WARN_COMMA = YES;
				CLANG_WARN_CONSTANT_CONVERSION = YES;
				CLANG_WARN_DEPRECATED_OBJC_IMPLEMENTATIONS = YES;
				CLANG_WARN_DIRECT_OBJC_ISA_USAGE = YES_ERROR;
				CLANG_WARN_DOCUMENTATION_COMMENTS = YES;
				CLANG_WARN_EMPTY_BODY = YES;
				CLANG_WARN_ENUM_CONVERSION = YES;
				CLANG_WARN_INFINITE_RECURSION = YES;
				CLANG_WARN_INT_CONVERSION = YES;
				CLANG_WARN_NON_LITERAL_NULL_CONVERSION = YES;
				CLANG_WARN_OBJC_IMPLICIT_RETAIN_SELF = YES;
				CLANG_WARN_OBJC_LITERAL_CONVERSION = YES;
				CLANG_WARN_OBJC_ROOT_CLASS = YES_ERROR;
				CLANG_WARN_QUOTED_INCLUDE_IN_FRAMEWORK_HEADER = YES;
				CLANG_WARN_RANGE_LOOP_ANALYSIS = YES;
				CLANG_WARN_STRICT_PROTOTYPES = YES;
				CLANG_WARN_SUSPICIOUS_MOVE = YES;
				CLANG_WARN_UNGUARDED_AVAILABILITY = YES_AGGRESSIVE;
				CLANG_WARN_UNREACHABLE_CODE = YES;
				CLANG_WARN__DUPLICATE_METHOD_MATCH = YES;
				COPY_PHASE_STRIP = NO;
				DEBUG_INFORMATION_FORMAT = "dwarf-with-dsym";
				ENABLE_NS_ASSERTIONS = NO;
				ENABLE_STRICT_OBJC_MSGSEND = YES;
				GCC_C_LANGUAGE_STANDARD = gnu11;
				GCC_NO_COMMON_BLOCKS = YES;
				GCC_WARN_64_TO_32_BIT_CONVERSION = YES;
				GCC_WARN_ABOUT_RETURN_TYPE = YES_ERROR;
				GCC_WARN_UNDECLARED_SELECTOR = YES;
				GCC_WARN_UNINITIALIZED_AUTOS = YES_AGGRESSIVE;
				GCC_WARN_UNUSED_FUNCTION = YES;
				GCC_WARN_UNUSED_VARIABLE = YES;
				IPHONEOS_DEPLOYMENT_TARGET = 15.0;
				MTL_ENABLE_DEBUG_INFO = NO;
				MTL_FAST_MATH = YES;
				SDKROOT = iphoneos;
				SWIFT_COMPILATION_MODE = wholemodule;
				SWIFT_OPTIMIZATION_LEVEL = "-O";
				VALIDATE_PRODUCT = YES;
			};
			name = Release;
		};
		4C29C273270B7E48000D6059 /* Debug */ = {
			isa = XCBuildConfiguration;
			buildSettings = {
				ASSETCATALOG_COMPILER_APPICON_NAME = AppIcon;
				ASSETCATALOG_COMPILER_GLOBAL_ACCENT_COLOR_NAME = AccentColor;
				CODE_SIGN_STYLE = Automatic;
				CURRENT_PROJECT_VERSION = 1;
				DEVELOPMENT_TEAM = 34MF4G3HU4;
				GENERATE_INFOPLIST_FILE = YES;
				INFOPLIST_FILE = StackOverflowApp/Info.plist;
				INFOPLIST_KEY_UIApplicationSupportsIndirectInputEvents = YES;
				INFOPLIST_KEY_UILaunchStoryboardName = LaunchScreen;
				INFOPLIST_KEY_UIMainStoryboardFile = MainNavigationController;
				INFOPLIST_KEY_UISupportedInterfaceOrientations_iPad = "UIInterfaceOrientationPortrait UIInterfaceOrientationPortraitUpsideDown UIInterfaceOrientationLandscapeLeft UIInterfaceOrientationLandscapeRight";
				INFOPLIST_KEY_UISupportedInterfaceOrientations_iPhone = "UIInterfaceOrientationPortrait UIInterfaceOrientationLandscapeLeft UIInterfaceOrientationLandscapeRight";
				LD_RUNPATH_SEARCH_PATHS = (
					"$(inherited)",
					"@executable_path/Frameworks",
				);
				MARKETING_VERSION = 1.0;
				PRODUCT_BUNDLE_IDENTIFIER = Luntu.StackOverflowApp;
				PRODUCT_NAME = "$(TARGET_NAME)";
				SWIFT_EMIT_LOC_STRINGS = YES;
				SWIFT_VERSION = 5.0;
				TARGETED_DEVICE_FAMILY = "1,2";
			};
			name = Debug;
		};
		4C29C274270B7E48000D6059 /* Release */ = {
			isa = XCBuildConfiguration;
			buildSettings = {
				ASSETCATALOG_COMPILER_APPICON_NAME = AppIcon;
				ASSETCATALOG_COMPILER_GLOBAL_ACCENT_COLOR_NAME = AccentColor;
				CODE_SIGN_STYLE = Automatic;
				CURRENT_PROJECT_VERSION = 1;
				DEVELOPMENT_TEAM = 34MF4G3HU4;
				GENERATE_INFOPLIST_FILE = YES;
				INFOPLIST_FILE = StackOverflowApp/Info.plist;
				INFOPLIST_KEY_UIApplicationSupportsIndirectInputEvents = YES;
				INFOPLIST_KEY_UILaunchStoryboardName = LaunchScreen;
				INFOPLIST_KEY_UIMainStoryboardFile = MainNavigationController;
				INFOPLIST_KEY_UISupportedInterfaceOrientations_iPad = "UIInterfaceOrientationPortrait UIInterfaceOrientationPortraitUpsideDown UIInterfaceOrientationLandscapeLeft UIInterfaceOrientationLandscapeRight";
				INFOPLIST_KEY_UISupportedInterfaceOrientations_iPhone = "UIInterfaceOrientationPortrait UIInterfaceOrientationLandscapeLeft UIInterfaceOrientationLandscapeRight";
				LD_RUNPATH_SEARCH_PATHS = (
					"$(inherited)",
					"@executable_path/Frameworks",
				);
				MARKETING_VERSION = 1.0;
				PRODUCT_BUNDLE_IDENTIFIER = Luntu.StackOverflowApp;
				PRODUCT_NAME = "$(TARGET_NAME)";
				SWIFT_EMIT_LOC_STRINGS = YES;
				SWIFT_VERSION = 5.0;
				TARGETED_DEVICE_FAMILY = "1,2";
			};
			name = Release;
		};
		4C29C276270B7E48000D6059 /* Debug */ = {
			isa = XCBuildConfiguration;
			buildSettings = {
				ALWAYS_EMBED_SWIFT_STANDARD_LIBRARIES = YES;
				BUNDLE_LOADER = "$(TEST_HOST)";
				CODE_SIGN_STYLE = Automatic;
				CURRENT_PROJECT_VERSION = 1;
				DEVELOPMENT_TEAM = 34MF4G3HU4;
				GENERATE_INFOPLIST_FILE = YES;
				IPHONEOS_DEPLOYMENT_TARGET = 15.0;
				LD_RUNPATH_SEARCH_PATHS = (
					"$(inherited)",
					"@executable_path/Frameworks",
					"@loader_path/Frameworks",
				);
				MARKETING_VERSION = 1.0;
				PRODUCT_BUNDLE_IDENTIFIER = Luntu.StackOverflowAppTests;
				PRODUCT_NAME = "$(TARGET_NAME)";
				SWIFT_EMIT_LOC_STRINGS = NO;
				SWIFT_VERSION = 5.0;
				TARGETED_DEVICE_FAMILY = "1,2";
				TEST_HOST = "$(BUILT_PRODUCTS_DIR)/StackOverflowApp.app/StackOverflowApp";
			};
			name = Debug;
		};
		4C29C277270B7E48000D6059 /* Release */ = {
			isa = XCBuildConfiguration;
			buildSettings = {
				ALWAYS_EMBED_SWIFT_STANDARD_LIBRARIES = YES;
				BUNDLE_LOADER = "$(TEST_HOST)";
				CODE_SIGN_STYLE = Automatic;
				CURRENT_PROJECT_VERSION = 1;
				DEVELOPMENT_TEAM = 34MF4G3HU4;
				GENERATE_INFOPLIST_FILE = YES;
				IPHONEOS_DEPLOYMENT_TARGET = 15.0;
				LD_RUNPATH_SEARCH_PATHS = (
					"$(inherited)",
					"@executable_path/Frameworks",
					"@loader_path/Frameworks",
				);
				MARKETING_VERSION = 1.0;
				PRODUCT_BUNDLE_IDENTIFIER = Luntu.StackOverflowAppTests;
				PRODUCT_NAME = "$(TARGET_NAME)";
				SWIFT_EMIT_LOC_STRINGS = NO;
				SWIFT_VERSION = 5.0;
				TARGETED_DEVICE_FAMILY = "1,2";
				TEST_HOST = "$(BUILT_PRODUCTS_DIR)/StackOverflowApp.app/StackOverflowApp";
			};
			name = Release;
		};
		4C29C279270B7E48000D6059 /* Debug */ = {
			isa = XCBuildConfiguration;
			buildSettings = {
				ALWAYS_EMBED_SWIFT_STANDARD_LIBRARIES = YES;
				CODE_SIGN_STYLE = Automatic;
				CURRENT_PROJECT_VERSION = 1;
				DEVELOPMENT_TEAM = 34MF4G3HU4;
				GENERATE_INFOPLIST_FILE = YES;
				LD_RUNPATH_SEARCH_PATHS = (
					"$(inherited)",
					"@executable_path/Frameworks",
					"@loader_path/Frameworks",
				);
				MARKETING_VERSION = 1.0;
				PRODUCT_BUNDLE_IDENTIFIER = Luntu.StackOverflowAppUITests;
				PRODUCT_NAME = "$(TARGET_NAME)";
				SWIFT_EMIT_LOC_STRINGS = NO;
				SWIFT_VERSION = 5.0;
				TARGETED_DEVICE_FAMILY = "1,2";
				TEST_TARGET_NAME = StackOverflowApp;
			};
			name = Debug;
		};
		4C29C27A270B7E48000D6059 /* Release */ = {
			isa = XCBuildConfiguration;
			buildSettings = {
				ALWAYS_EMBED_SWIFT_STANDARD_LIBRARIES = YES;
				CODE_SIGN_STYLE = Automatic;
				CURRENT_PROJECT_VERSION = 1;
				DEVELOPMENT_TEAM = 34MF4G3HU4;
				GENERATE_INFOPLIST_FILE = YES;
				LD_RUNPATH_SEARCH_PATHS = (
					"$(inherited)",
					"@executable_path/Frameworks",
					"@loader_path/Frameworks",
				);
				MARKETING_VERSION = 1.0;
				PRODUCT_BUNDLE_IDENTIFIER = Luntu.StackOverflowAppUITests;
				PRODUCT_NAME = "$(TARGET_NAME)";
				SWIFT_EMIT_LOC_STRINGS = NO;
				SWIFT_VERSION = 5.0;
				TARGETED_DEVICE_FAMILY = "1,2";
				TEST_TARGET_NAME = StackOverflowApp;
			};
			name = Release;
		};
/* End XCBuildConfiguration section */

/* Begin XCConfigurationList section */
		4C29C243270B7E46000D6059 /* Build configuration list for PBXProject "StackOverflowApp" */ = {
			isa = XCConfigurationList;
			buildConfigurations = (
				4C29C270270B7E48000D6059 /* Debug */,
				4C29C271270B7E48000D6059 /* Release */,
			);
			defaultConfigurationIsVisible = 0;
			defaultConfigurationName = Release;
		};
		4C29C272270B7E48000D6059 /* Build configuration list for PBXNativeTarget "StackOverflowApp" */ = {
			isa = XCConfigurationList;
			buildConfigurations = (
				4C29C273270B7E48000D6059 /* Debug */,
				4C29C274270B7E48000D6059 /* Release */,
			);
			defaultConfigurationIsVisible = 0;
			defaultConfigurationName = Release;
		};
		4C29C275270B7E48000D6059 /* Build configuration list for PBXNativeTarget "StackOverflowAppTests" */ = {
			isa = XCConfigurationList;
			buildConfigurations = (
				4C29C276270B7E48000D6059 /* Debug */,
				4C29C277270B7E48000D6059 /* Release */,
			);
			defaultConfigurationIsVisible = 0;
			defaultConfigurationName = Release;
		};
		4C29C278270B7E48000D6059 /* Build configuration list for PBXNativeTarget "StackOverflowAppUITests" */ = {
			isa = XCConfigurationList;
			buildConfigurations = (
				4C29C279270B7E48000D6059 /* Debug */,
				4C29C27A270B7E48000D6059 /* Release */,
			);
			defaultConfigurationIsVisible = 0;
			defaultConfigurationName = Release;
		};
/* End XCConfigurationList section */
	};
	rootObject = 4C29C240270B7E46000D6059 /* Project object */;
}
